{
  "object": {
    "pins": [
      {
        "package": "EmailValidator",
        "repositoryURL": "https://github.com/evanrobertson/EmailValidator.git",
        "state": {
          "branch": "master",
          "revision": "ff809780f4a34fd609ccd34b7611157c9e043763",
          "version": null
        }
      }
    ]
  },
  "version": 1
}
